
Microsoft Visual Studio Solution File, Format Version 12.00
# Visual Studio Version 16
VisualStudioVersion = 16.0.30225.117
MinimumVisualStudioVersion = 10.0.40219.1
Project("{9A19103F-16F7-4668-BE54-9A1E7A4F7556}") = "BimspotTest.Domain", "Domain\BimspotTest.Domain.csproj", "{19F58F98-CA17-4734-A2E4-7DE4A764EA89}"
EndProject
Project("{9A19103F-16F7-4668-BE54-9A1E7A4F7556}") = "BimspotTest.Service", "Service\BimspotTest.Service.csproj", "{2481EE24-DA7C-4AA4-A678-571A753D7BFC}"
EndProject
Project("{9A19103F-16F7-4668-BE54-9A1E7A4F7556}") = "BimspotTest.Service.UnitTest", "UnitTest\BimspotTest.Service.UnitTest.csproj", "{C8731A46-4A55-42A7-B294-B359CF815D21}"
EndProject
Project("{9A19103F-16F7-4668-BE54-9A1E7A4F7556}") = "BimspotTest.App", "App\BimspotTest.App.csproj", "{57133311-9C52-4C91-BC1B-ADAD9DEBEA6E}"
EndProject
Project("{9A19103F-16F7-4668-BE54-9A1E7A4F7556}") = "BimspotTest.Service.IntegrationTest", "IntegrationTest\BimspotTest.Service.IntegrationTest.csproj", "{80A9D6B2-8CDC-42E8-AAF7-3BE7A4F92940}"
EndProject
Global
	GlobalSection(SolutionConfigurationPlatforms) = preSolution
		Debug|Any CPU = Debug|Any CPU
		Release|Any CPU = Release|Any CPU
	EndGlobalSection
	GlobalSection(ProjectConfigurationPlatforms) = postSolution
		{19F58F98-CA17-4734-A2E4-7DE4A764EA89}.Debug|Any CPU.ActiveCfg = Debug|Any CPU
		{19F58F98-CA17-4734-A2E4-7DE4A764EA89}.Debug|Any CPU.Build.0 = Debug|Any CPU
		{19F58F98-CA17-4734-A2E4-7DE4A764EA89}.Release|Any CPU.ActiveCfg = Release|Any CPU
		{19F58F98-CA17-4734-A2E4-7DE4A764EA89}.Release|Any CPU.Build.0 = Release|Any CPU
		{2481EE24-DA7C-4AA4-A678-571A753D7BFC}.Debug|Any CPU.ActiveCfg = Debug|Any CPU
		{2481EE24-DA7C-4AA4-A678-571A753D7BFC}.Debug|Any CPU.Build.0 = Debug|Any CPU
		{2481EE24-DA7C-4AA4-A678-571A753D7BFC}.Release|Any CPU.ActiveCfg = Release|Any CPU
		{2481EE24-DA7C-4AA4-A678-571A753D7BFC}.Release|Any CPU.Build.0 = Release|Any CPU
		{C8731A46-4A55-42A7-B294-B359CF815D21}.Debug|Any CPU.ActiveCfg = Debug|Any CPU
		{C8731A46-4A55-42A7-B294-B359CF815D21}.Debug|Any CPU.Build.0 = Debug|Any CPU
		{C8731A46-4A55-42A7-B294-B359CF815D21}.Release|Any CPU.ActiveCfg = Release|Any CPU
		{C8731A46-4A55-42A7-B294-B359CF815D21}.Release|Any CPU.Build.0 = Release|Any CPU
		{57133311-9C52-4C91-BC1B-ADAD9DEBEA6E}.Debug|Any CPU.ActiveCfg = Debug|Any CPU
		{57133311-9C52-4C91-BC1B-ADAD9DEBEA6E}.Debug|Any CPU.Build.0 = Debug|Any CPU
		{57133311-9C52-4C91-BC1B-ADAD9DEBEA6E}.Release|Any CPU.ActiveCfg = Release|Any CPU
		{57133311-9C52-4C91-BC1B-ADAD9DEBEA6E}.Release|Any CPU.Build.0 = Release|Any CPU
		{80A9D6B2-8CDC-42E8-AAF7-3BE7A4F92940}.Debug|Any CPU.ActiveCfg = Debug|Any CPU
		{80A9D6B2-8CDC-42E8-AAF7-3BE7A4F92940}.Debug|Any CPU.Build.0 = Debug|Any CPU
		{80A9D6B2-8CDC-42E8-AAF7-3BE7A4F92940}.Release|Any CPU.ActiveCfg = Release|Any CPU
		{80A9D6B2-8CDC-42E8-AAF7-3BE7A4F92940}.Release|Any CPU.Build.0 = Release|Any CPU
	EndGlobalSection
	GlobalSection(SolutionProperties) = preSolution
		HideSolutionNode = FALSE
	EndGlobalSection
	GlobalSection(ExtensibilityGlobals) = postSolution
		SolutionGuid = {2181F59A-A2A0-425D-9A00-51DBD18407EB}
	EndGlobalSection
EndGlobal
